
Microsoft Visual Studio Solution File, Format Version 12.00
# Visual Studio Version 16
VisualStudioVersion = 16.0.32407.337
MinimumVisualStudioVersion = 10.0.40219.1
Project("{FAE04EC0-301F-11D3-BF4B-00C04F79EFBC}") = "Credit Suisse", "Credit Suisse.csproj", "{EDF16B05-032D-44E1-BF58-3FCD023D1CAB}"
EndProject
Global
	GlobalSection(SolutionConfigurationPlatforms) = preSolution
		Debug|Any CPU = Debug|Any CPU
		Release|Any CPU = Release|Any CPU
	EndGlobalSection
	GlobalSection(ProjectConfigurationPlatforms) = postSolution
		{EDF16B05-032D-44E1-BF58-3FCD023D1CAB}.Debug|Any CPU.ActiveCfg = Debug|Any CPU
		{EDF16B05-032D-44E1-BF58-3FCD023D1CAB}.Debug|Any CPU.Build.0 = Debug|Any CPU
		{EDF16B05-032D-44E1-BF58-3FCD023D1CAB}.Release|Any CPU.ActiveCfg = Release|Any CPU
		{EDF16B05-032D-44E1-BF58-3FCD023D1CAB}.Release|Any CPU.Build.0 = Release|Any CPU
	EndGlobalSection
	GlobalSection(SolutionProperties) = preSolution
		HideSolutionNode = FALSE
	EndGlobalSection
	GlobalSection(ExtensibilityGlobals) = postSolution
		SolutionGuid = {C1F8CA0D-A6E6-429B-9139-884DCEE17765}
	EndGlobalSection
EndGlobal
